
Microsoft Visual Studio Solution File, Format Version 12.00
# Visual Studio Version 16
VisualStudioVersion = 16.0.29215.179
MinimumVisualStudioVersion = 10.0.40219.1
Project("{FAE04EC0-301F-11D3-BF4B-00C04F79EFBC}") = "FontAndColor", "FontAndColor\FontAndColor.csproj", "{2E6FDB70-E8BB-474D-A769-07A3A04955D5}"
EndProject
Global
	GlobalSection(SolutionConfigurationPlatforms) = preSolution
		Debug|Any CPU = Debug|Any CPU
		Release|Any CPU = Release|Any CPU
	EndGlobalSection
	GlobalSection(ProjectConfigurationPlatforms) = postSolution
		{2E6FDB70-E8BB-474D-A769-07A3A04955D5}.Debug|Any CPU.ActiveCfg = Debug|Any CPU
		{2E6FDB70-E8BB-474D-A769-07A3A04955D5}.Debug|Any CPU.Build.0 = Debug|Any CPU
		{2E6FDB70-E8BB-474D-A769-07A3A04955D5}.Release|Any CPU.ActiveCfg = Release|Any CPU
		{2E6FDB70-E8BB-474D-A769-07A3A04955D5}.Release|Any CPU.Build.0 = Release|Any CPU
	EndGlobalSection
	GlobalSection(SolutionProperties) = preSolution
		HideSolutionNode = FALSE
	EndGlobalSection
	GlobalSection(ExtensibilityGlobals) = postSolution
		SolutionGuid = {C14439F9-5BB2-47B9-885A-E06C8ECCCB37}
	EndGlobalSection
EndGlobal
